Microsoft Visual Studio Solution File, Format Version 12.00
# Visual Studio Version 17
VisualStudioVersion = 17.5.2.0
MinimumVisualStudioVersion = 10.0.40219.1
Project("{FAE04EC0-301F-11D3-BF4B-00C04F79EFBC}") = "Three round", "Three round.csproj", "{EF14F7FA-C63D-DF41-72AE-51952E0A1AB5}"
EndProject
Global
	GlobalSection(SolutionConfigurationPlatforms) = preSolution
		Debug|Any CPU = Debug|Any CPU
		Release|Any CPU = Release|Any CPU
	EndGlobalSection
	GlobalSection(ProjectConfigurationPlatforms) = postSolution
		{EF14F7FA-C63D-DF41-72AE-51952E0A1AB5}.Debug|Any CPU.ActiveCfg = Debug|Any CPU
		{EF14F7FA-C63D-DF41-72AE-51952E0A1AB5}.Debug|Any CPU.Build.0 = Debug|Any CPU
		{EF14F7FA-C63D-DF41-72AE-51952E0A1AB5}.Release|Any CPU.ActiveCfg = Release|Any CPU
		{EF14F7FA-C63D-DF41-72AE-51952E0A1AB5}.Release|Any CPU.Build.0 = Release|Any CPU
	EndGlobalSection
	GlobalSection(SolutionProperties) = preSolution
		HideSolutionNode = FALSE
	EndGlobalSection
	GlobalSection(ExtensibilityGlobals) = postSolution
		SolutionGuid = {1499B034-3931-417B-804C-2802042DBC03}
	EndGlobalSection
EndGlobal
